{
  "requires": true,
  "lockfileVersion": 1,
  "dependencies": {
    "texzilla": {
      "version": "1.0.2",
      "resolved": "https://registry.npmjs.org/texzilla/-/texzilla-1.0.2.tgz",
      "integrity": "sha512-Mn5rZ8Jww7uHzNoyCfKTK02s8GolXtWgVerF/TAk2xupv2n8S4Ijdz84zqEq81PKt6QqmYHA1kmetWGRpCTdGw=="
    }
  }
}
